
Microsoft Visual Studio Solution File, Format Version 12.00
# Visual Studio Version 17
VisualStudioVersion = 17.3.32929.385
MinimumVisualStudioVersion = 10.0.40219.1
Project("{FAE04EC0-301F-11D3-BF4B-00C04F79EFBC}") = "MegaPrime", "MegaPrime\MegaPrime.csproj", "{C6329611-259F-4ADB-9CFD-4DF5FFBC9C13}"
EndProject
Global
	GlobalSection(SolutionConfigurationPlatforms) = preSolution
		Debug|Any CPU = Debug|Any CPU
		Release|Any CPU = Release|Any CPU
	EndGlobalSection
	GlobalSection(ProjectConfigurationPlatforms) = postSolution
		{C6329611-259F-4ADB-9CFD-4DF5FFBC9C13}.Debug|Any CPU.ActiveCfg = Debug|Any CPU
		{C6329611-259F-4ADB-9CFD-4DF5FFBC9C13}.Debug|Any CPU.Build.0 = Debug|Any CPU
		{C6329611-259F-4ADB-9CFD-4DF5FFBC9C13}.Release|Any CPU.ActiveCfg = Release|Any CPU
		{C6329611-259F-4ADB-9CFD-4DF5FFBC9C13}.Release|Any CPU.Build.0 = Release|Any CPU
	EndGlobalSection
	GlobalSection(SolutionProperties) = preSolution
		HideSolutionNode = FALSE
	EndGlobalSection
	GlobalSection(ExtensibilityGlobals) = postSolution
		SolutionGuid = {215F8B83-C9F0-469B-A6C6-C5AED4D7190C}
	EndGlobalSection
EndGlobal
